
Microsoft Visual Studio Solution File, Format Version 12.00
# Visual Studio Version 17
VisualStudioVersion = 17.2.32516.85
MinimumVisualStudioVersion = 10.0.40219.1
Project("{2150E333-8FDC-42A3-9474-1A3956D46DE8}") = "src", "src", "{1B3E17E7-6B40-4F9A-84EC-BFF757978F1B}"
EndProject
Project("{9A19103F-16F7-4668-BE54-9A1E7A4F7556}") = "Application", "src\Application\Application.csproj", "{88043E9C-D49C-4ECF-8F12-A717D740D0C9}"
EndProject
Project("{9A19103F-16F7-4668-BE54-9A1E7A4F7556}") = "Persistence", "src\Persistence\Persistence.csproj", "{8FADE8B6-0C29-4E31-B685-8BAE6BDEA58E}"
EndProject
Project("{9A19103F-16F7-4668-BE54-9A1E7A4F7556}") = "Infrastructure", "src\Infrastructure\Infrastructure.csproj", "{A3D95385-0620-4A81-AEB8-201908789D84}"
EndProject
Project("{9A19103F-16F7-4668-BE54-9A1E7A4F7556}") = "Domain", "src\Domain\Domain.csproj", "{D0089C7F-4E3D-4FE1-9FFB-55A3EBA7C577}"
EndProject
Project("{FAE04EC0-301F-11D3-BF4B-00C04F79EFBC}") = "Web.API", "src\Web.API\Web.API.csproj", "{0CC8A5C6-A318-4070-8E59-2F598E706D97}"
EndProject
Global
	GlobalSection(SolutionConfigurationPlatforms) = preSolution
		Debug|Any CPU = Debug|Any CPU
		Release|Any CPU = Release|Any CPU
	EndGlobalSection
	GlobalSection(ProjectConfigurationPlatforms) = postSolution
		{88043E9C-D49C-4ECF-8F12-A717D740D0C9}.Debug|Any CPU.ActiveCfg = Debug|Any CPU
		{88043E9C-D49C-4ECF-8F12-A717D740D0C9}.Debug|Any CPU.Build.0 = Debug|Any CPU
		{88043E9C-D49C-4ECF-8F12-A717D740D0C9}.Release|Any CPU.ActiveCfg = Release|Any CPU
		{88043E9C-D49C-4ECF-8F12-A717D740D0C9}.Release|Any CPU.Build.0 = Release|Any CPU
		{8FADE8B6-0C29-4E31-B685-8BAE6BDEA58E}.Debug|Any CPU.ActiveCfg = Debug|Any CPU
		{8FADE8B6-0C29-4E31-B685-8BAE6BDEA58E}.Debug|Any CPU.Build.0 = Debug|Any CPU
		{8FADE8B6-0C29-4E31-B685-8BAE6BDEA58E}.Release|Any CPU.ActiveCfg = Release|Any CPU
		{8FADE8B6-0C29-4E31-B685-8BAE6BDEA58E}.Release|Any CPU.Build.0 = Release|Any CPU
		{A3D95385-0620-4A81-AEB8-201908789D84}.Debug|Any CPU.ActiveCfg = Debug|Any CPU
		{A3D95385-0620-4A81-AEB8-201908789D84}.Debug|Any CPU.Build.0 = Debug|Any CPU
		{A3D95385-0620-4A81-AEB8-201908789D84}.Release|Any CPU.ActiveCfg = Release|Any CPU
		{A3D95385-0620-4A81-AEB8-201908789D84}.Release|Any CPU.Build.0 = Release|Any CPU
		{D0089C7F-4E3D-4FE1-9FFB-55A3EBA7C577}.Debug|Any CPU.ActiveCfg = Debug|Any CPU
		{D0089C7F-4E3D-4FE1-9FFB-55A3EBA7C577}.Debug|Any CPU.Build.0 = Debug|Any CPU
		{D0089C7F-4E3D-4FE1-9FFB-55A3EBA7C577}.Release|Any CPU.ActiveCfg = Release|Any CPU
		{D0089C7F-4E3D-4FE1-9FFB-55A3EBA7C577}.Release|Any CPU.Build.0 = Release|Any CPU
		{0CC8A5C6-A318-4070-8E59-2F598E706D97}.Debug|Any CPU.ActiveCfg = Debug|Any CPU
		{0CC8A5C6-A318-4070-8E59-2F598E706D97}.Debug|Any CPU.Build.0 = Debug|Any CPU
		{0CC8A5C6-A318-4070-8E59-2F598E706D97}.Release|Any CPU.ActiveCfg = Release|Any CPU
		{0CC8A5C6-A318-4070-8E59-2F598E706D97}.Release|Any CPU.Build.0 = Release|Any CPU
	EndGlobalSection
	GlobalSection(SolutionProperties) = preSolution
		HideSolutionNode = FALSE
	EndGlobalSection
	GlobalSection(NestedProjects) = preSolution
		{88043E9C-D49C-4ECF-8F12-A717D740D0C9} = {1B3E17E7-6B40-4F9A-84EC-BFF757978F1B}
		{8FADE8B6-0C29-4E31-B685-8BAE6BDEA58E} = {1B3E17E7-6B40-4F9A-84EC-BFF757978F1B}
		{A3D95385-0620-4A81-AEB8-201908789D84} = {1B3E17E7-6B40-4F9A-84EC-BFF757978F1B}
		{D0089C7F-4E3D-4FE1-9FFB-55A3EBA7C577} = {1B3E17E7-6B40-4F9A-84EC-BFF757978F1B}
		{0CC8A5C6-A318-4070-8E59-2F598E706D97} = {1B3E17E7-6B40-4F9A-84EC-BFF757978F1B}
	EndGlobalSection
	GlobalSection(ExtensibilityGlobals) = postSolution
		SolutionGuid = {6BAFAA1B-6BB4-477C-8F09-1CCB7D01B840}
	EndGlobalSection
EndGlobal
